
Microsoft Visual Studio Solution File, Format Version 12.00
# Visual Studio 15
VisualStudioVersion = 15.0.26430.16
MinimumVisualStudioVersion = 10.0.40219.1
Project("{FAE04EC0-301F-11D3-BF4B-00C04F79EFBC}") = "Empresa.Models", "Empresa.Models\Empresa.Models.csproj", "{3F8DBECB-D17C-455C-A5BC-11706477FC5F}"
EndProject
Project("{FAE04EC0-301F-11D3-BF4B-00C04F79EFBC}") = "Empresa.UI.Windows", "Empresa.UI.Windows\Empresa.UI.Windows.csproj", "{DBEED01A-A63B-4410-992C-55398BDA0790}"
EndProject
Project("{FAE04EC0-301F-11D3-BF4B-00C04F79EFBC}") = "Empresa.Db", "Empresa.Db\Empresa.Db.csproj", "{7A2C3347-95C6-4721-B268-135170646015}"
EndProject
Project("{FAE04EC0-301F-11D3-BF4B-00C04F79EFBC}") = "Empresa.UI.Web", "Empresa.UI.Web\Empresa.UI.Web.csproj", "{2F480152-DE9A-4B65-A918-75998815CAFB}"
EndProject
Global
	GlobalSection(SolutionConfigurationPlatforms) = preSolution
		Debug|Any CPU = Debug|Any CPU
		Release|Any CPU = Release|Any CPU
	EndGlobalSection
	GlobalSection(ProjectConfigurationPlatforms) = postSolution
		{3F8DBECB-D17C-455C-A5BC-11706477FC5F}.Debug|Any CPU.ActiveCfg = Debug|Any CPU
		{3F8DBECB-D17C-455C-A5BC-11706477FC5F}.Debug|Any CPU.Build.0 = Debug|Any CPU
		{3F8DBECB-D17C-455C-A5BC-11706477FC5F}.Release|Any CPU.ActiveCfg = Release|Any CPU
		{3F8DBECB-D17C-455C-A5BC-11706477FC5F}.Release|Any CPU.Build.0 = Release|Any CPU
		{DBEED01A-A63B-4410-992C-55398BDA0790}.Debug|Any CPU.ActiveCfg = Debug|Any CPU
		{DBEED01A-A63B-4410-992C-55398BDA0790}.Debug|Any CPU.Build.0 = Debug|Any CPU
		{DBEED01A-A63B-4410-992C-55398BDA0790}.Release|Any CPU.ActiveCfg = Release|Any CPU
		{DBEED01A-A63B-4410-992C-55398BDA0790}.Release|Any CPU.Build.0 = Release|Any CPU
		{7A2C3347-95C6-4721-B268-135170646015}.Debug|Any CPU.ActiveCfg = Debug|Any CPU
		{7A2C3347-95C6-4721-B268-135170646015}.Debug|Any CPU.Build.0 = Debug|Any CPU
		{7A2C3347-95C6-4721-B268-135170646015}.Release|Any CPU.ActiveCfg = Release|Any CPU
		{7A2C3347-95C6-4721-B268-135170646015}.Release|Any CPU.Build.0 = Release|Any CPU
		{2F480152-DE9A-4B65-A918-75998815CAFB}.Debug|Any CPU.ActiveCfg = Debug|Any CPU
		{2F480152-DE9A-4B65-A918-75998815CAFB}.Debug|Any CPU.Build.0 = Debug|Any CPU
		{2F480152-DE9A-4B65-A918-75998815CAFB}.Release|Any CPU.ActiveCfg = Release|Any CPU
		{2F480152-DE9A-4B65-A918-75998815CAFB}.Release|Any CPU.Build.0 = Release|Any CPU
	EndGlobalSection
	GlobalSection(SolutionProperties) = preSolution
		HideSolutionNode = FALSE
	EndGlobalSection
EndGlobal
