
Microsoft Visual Studio Solution File, Format Version 12.00
# Visual Studio 15
VisualStudioVersion = 15.0.26430.16
MinimumVisualStudioVersion = 10.0.40219.1
Project("{FAE04EC0-301F-11D3-BF4B-00C04F79EFBC}") = "Cap05.Ativ01", "Cap05.Ativ01\Cap05.Ativ01.csproj", "{6564F3F7-4113-4BE8-9C50-C6ABE726AFAA}"
EndProject
Global
	GlobalSection(SolutionConfigurationPlatforms) = preSolution
		Debug|Any CPU = Debug|Any CPU
		Release|Any CPU = Release|Any CPU
	EndGlobalSection
	GlobalSection(ProjectConfigurationPlatforms) = postSolution
		{6564F3F7-4113-4BE8-9C50-C6ABE726AFAA}.Debug|Any CPU.ActiveCfg = Debug|Any CPU
		{6564F3F7-4113-4BE8-9C50-C6ABE726AFAA}.Debug|Any CPU.Build.0 = Debug|Any CPU
		{6564F3F7-4113-4BE8-9C50-C6ABE726AFAA}.Release|Any CPU.ActiveCfg = Release|Any CPU
		{6564F3F7-4113-4BE8-9C50-C6ABE726AFAA}.Release|Any CPU.Build.0 = Release|Any CPU
	EndGlobalSection
	GlobalSection(SolutionProperties) = preSolution
		HideSolutionNode = FALSE
	EndGlobalSection
EndGlobal
